
Microsoft Visual Studio Solution File, Format Version 12.00
# Visual Studio 15
VisualStudioVersion = 15.0.28307.852
MinimumVisualStudioVersion = 10.0.40219.1
Project("{FAE04EC0-301F-11D3-BF4B-00C04F79EFBC}") = "ConnectDB", "ConnectDB\ConnectDB.csproj", "{A8E6DCEF-B1A7-4702-8B2B-0078E758BABD}"
EndProject
Global
	GlobalSection(SolutionConfigurationPlatforms) = preSolution
		Debug|Any CPU = Debug|Any CPU
		Release|Any CPU = Release|Any CPU
	EndGlobalSection
	GlobalSection(ProjectConfigurationPlatforms) = postSolution
		{A8E6DCEF-B1A7-4702-8B2B-0078E758BABD}.Debug|Any CPU.ActiveCfg = Debug|Any CPU
		{A8E6DCEF-B1A7-4702-8B2B-0078E758BABD}.Debug|Any CPU.Build.0 = Debug|Any CPU
		{A8E6DCEF-B1A7-4702-8B2B-0078E758BABD}.Release|Any CPU.ActiveCfg = Release|Any CPU
		{A8E6DCEF-B1A7-4702-8B2B-0078E758BABD}.Release|Any CPU.Build.0 = Release|Any CPU
	EndGlobalSection
	GlobalSection(SolutionProperties) = preSolution
		HideSolutionNode = FALSE
	EndGlobalSection
	GlobalSection(ExtensibilityGlobals) = postSolution
		SolutionGuid = {7D8D90F5-74A1-43C1-A77A-7853D64BD79E}
	EndGlobalSection
EndGlobal
